// !$*UTF8*$!
{
	archiveVersion = 1;
	classes = {
	};
	objectVersion = 50;
	objects = {

/* Begin PBXBuildFile section */
		0331923D248F6E87001FCCFD /* Default-568h@2x.png in Resources */ = {isa = PBXBuildFile; fileRef = 0331923C248F6E87001FCCFD /* Default-568h@2x.png */; };
		036486B5248DF233009A6841 /* AppDelegate.swift in Sources */ = {isa = PBXBuildFile; fileRef = 036486B4248DF233009A6841 /* AppDelegate.swift */; };
		036486B7248DF233009A6841 /* SceneDelegate.swift in Sources */ = {isa = PBXBuildFile; fileRef = 036486B6248DF233009A6841 /* SceneDelegate.swift */; };
		036486B9248DF233009A6841 /* ViewController.swift in Sources */ = {isa = PBXBuildFile; fileRef = 036486B8248DF233009A6841 /* ViewController.swift */; };
		036486BC248DF233009A6841 /* Main.storyboard in Resources */ = {isa = PBXBuildFile; fileRef = 036486BA248DF233009A6841 /* Main.storyboard */; };
		036486BE248DF237009A6841 /* Assets.xcassets in Resources */ = {isa = PBXBuildFile; fileRef = 036486BD248DF237009A6841 /* Assets.xcassets */; };
		036486C1248DF237009A6841 /* LaunchScreen.storyboard in Resources */ = {isa = PBXBuildFile; fileRef = 036486BF248DF237009A6841 /* LaunchScreen.storyboard */; };
/* End PBXBuildFile section */

/* Begin PBXFileReference section */
		0331923C248F6E87001FCCFD /* Default-568h@2x.png */ = {isa = PBXFileReference; lastKnownFileType = image.png; path = "Default-568h@2x.png"; sourceTree = "<group>"; };
		036486B1248DF233009A6841 /* DollerYen.app */ = {isa = PBXFileReference; explicitFileType = wrapper.application; includeInIndex = 0; path = DollerYen.app; sourceTree = BUILT_PRODUCTS_DIR; };
		036486B4248DF233009A6841 /* AppDelegate.swift */ = {isa = PBXFileReference; lastKnownFileType = sourcecode.swift; path = AppDelegate.swift; sourceTree = "<group>"; };
		036486B6248DF233009A6841 /* SceneDelegate.swift */ = {isa = PBXFileReference; lastKnownFileType = sourcecode.swift; path = SceneDelegate.swift; sourceTree = "<group>"; };
		036486B8248DF233009A6841 /* ViewController.swift */ = {isa = PBXFileReference; lastKnownFileType = sourcecode.swift; path = ViewController.swift; sourceTree = "<group>"; };
		036486BB248DF233009A6841 /* Base */ = {isa = PBXFileReference; lastKnownFileType = file.storyboard; name = Base; path = Base.lproj/Main.storyboard; sourceTree = "<group>"; };
		036486BD248DF237009A6841 /* Assets.xcassets */ = {isa = PBXFileReference; lastKnownFileType = folder.assetcatalog; path = Assets.xcassets; sourceTree = "<group>"; };
		036486C0248DF237009A6841 /* Base */ = {isa = PBXFileReference; lastKnownFileType = file.storyboard; name = Base; path = Base.lproj/LaunchScreen.storyboard; sourceTree = "<group>"; };
		036486C2248DF237009A6841 /* Info.plist */ = {isa = PBXFileReference; lastKnownFileType = text.plist.xml; path = Info.plist; sourceTree = "<group>"; };
/* End PBXFileReference section */

/* Begin PBXFrameworksBuildPhase section */
		036486AE248DF233009A6841 /* Frameworks */ = {
			isa = PBXFrameworksBuildPhase;
			buildActionMask = 2147483647;
			files = (
			);
			runOnlyForDeploymentPostprocessing = 0;
		};
/* End PBXFrameworksBuildPhase section */

/* Begin PBXGroup section */
		036486A8248DF233009A6841 = {
			isa = PBXGroup;
			children = (
				0331923C248F6E87001FCCFD /* Default-568h@2x.png */,
				036486B3248DF233009A6841 /* DollerYen */,
				036486B2248DF233009A6841 /* Products */,
			);
			sourceTree = "<group>";
		};
		036486B2248DF233009A6841 /* Products */ = {
			isa = PBXGroup;
			children = (
				036486B1248DF233009A6841 /* DollerYen.app */,
			);
			name = Products;
			sourceTree = "<group>";
		};
		036486B3248DF233009A6841 /* DollerYen */ = {
			isa = PBXGroup;
			children = (
				036486B4248DF233009A6841 /* AppDelegate.swift */,
				036486B6248DF233009A6841 /* SceneDelegate.swift */,
				036486B8248DF233009A6841 /* ViewController.swift */,
				036486BA248DF233009A6841 /* Main.storyboard */,
				036486BD248DF237009A6841 /* Assets.xcassets */,
				036486BF248DF237009A6841 /* LaunchScreen.storyboard */,
				036486C2248DF237009A6841 /* Info.plist */,
			);
			path = DollerYen;
			sourceTree = "<group>";
		};
/* End PBXGroup section */

/* Begin PBXNativeTarget section */
		036486B0248DF233009A6841 /* DollerYen */ = {
			isa = PBXNativeTarget;
			buildConfigurationList = 036486C5248DF237009A6841 /* Build configuration list for PBXNativeTarget "DollerYen" */;
			buildPhases = (
				036486AD248DF233009A6841 /* Sources */,
				036486AE248DF233009A6841 /* Frameworks */,
				036486AF248DF233009A6841 /* Resources */,
			);
			buildRules = (
			);
			dependencies = (
			);
			name = DollerYen;
			productName = DollerYen;
			productReference = 036486B1248DF233009A6841 /* DollerYen.app */;
			productType = "com.apple.product-type.application";
		};
/* End PBXNativeTarget section */

/* Begin PBXProject section */
		036486A9248DF233009A6841 /* Project object */ = {
			isa = PBXProject;
			attributes = {
				LastSwiftUpdateCheck = 1150;
				LastUpgradeCheck = 1150;
				ORGANIZATIONNAME = "ALJ Education Plus";
				TargetAttributes = {
					036486B0248DF233009A6841 = {
						CreatedOnToolsVersion = 11.5;
					};
				};
			};
			buildConfigurationList = 036486AC248DF233009A6841 /* Build configuration list for PBXProject "Bundle Name" */;
			compatibilityVersion = "Xcode 9.3";
			developmentRegion = en;
			hasScannedForEncodings = 0;
			knownRegions = (
				en,
				Base,
			);
			mainGroup = 036486A8248DF233009A6841;
			productRefGroup = 036486B2248DF233009A6841 /* Products */;
			projectDirPath = "";
			projectRoot = "";
			targets = (
				036486B0248DF233009A6841 /* DollerYen */,
			);
		};
/* End PBXProject section */

/* Begin PBXResourcesBuildPhase section */
		036486AF248DF233009A6841 /* Resources */ = {
			isa = PBXResourcesBuildPhase;
			buildActionMask = 2147483647;
			files = (
				036486C1248DF237009A6841 /* LaunchScreen.storyboard in Resources */,
				0331923D248F6E87001FCCFD /* Default-568h@2x.png in Resources */,
				036486BE248DF237009A6841 /* Assets.xcassets in Resources */,
				036486BC248DF233009A6841 /* Main.storyboard in Resources */,
			);
			runOnlyForDeploymentPostprocessing = 0;
		};
/* End PBXResourcesBuildPhase section */

/* Begin PBXSourcesBuildPhase section */
		036486AD248DF233009A6841 /* Sources */ = {
			isa = PBXSourcesBuildPhase;
			buildActionMask = 2147483647;
			files = (
				036486B9248DF233009A6841 /* ViewController.swift in Sources */,
				036486B5248DF233009A6841 /* AppDelegate.swift in Sources */,
				036486B7248DF233009A6841 /* SceneDelegate.swift in Sources */,
			);
			runOnlyForDeploymentPostprocessing = 0;
		};
/* End PBXSourcesBuildPhase section */

/* Begin PBXVariantGroup section */
		036486BA248DF233009A6841 /* Main.storyboard */ = {
			isa = PBXVariantGroup;
			children = (
				036486BB248DF233009A6841 /* Base */,
			);
			name = Main.storyboard;
			sourceTree = "<group>";
		};
		036486BF248DF237009A6841 /* LaunchScreen.storyboard */ = {
			isa = PBXVariantGroup;
			children = (
				036486C0248DF237009A6841 /* Base */,
			);
			name = LaunchScreen.storyboard;
			sourceTree = "<group>";
		};
/* End PBXVariantGroup section */

/* Begin XCBuildConfiguration section */
		036486C3248DF237009A6841 /* Debug */ = {
			isa = XCBuildConfiguration;
			buildSettings = {
				ALWAYS_SEARCH_USER_PATHS = NO;
				CLANG_ANALYZER_NONNULL = YES;
				CLANG_ANALYZER_NUMBER_OBJECT_CONVERSION = YES_AGGRESSIVE;
				CLANG_CXX_LANGUAGE_STANDARD = "gnu++14";
				CLANG_CXX_LIBRARY = "libc++";
				CLANG_ENABLE_MODULES = YES;
				CLANG_ENABLE_OBJC_ARC = YES;
				CLANG_ENABLE_OBJC_WEAK = YES;
				CLANG_WARN_BLOCK_CAPTURE_AUTORELEASING = YES;
				CLANG_WARN_BOOL_CONVERSION = YES;
				CLANG_WARN_COMMA = YES;
				CLANG_WARN_CONSTANT_CONVERSION = YES;
				CLANG_WARN_DEPRECATED_OBJC_IMPLEMENTATIONS = YES;
				CLANG_WARN_DIRECT_OBJC_ISA_USAGE = YES_ERROR;
				CLANG_WARN_DOCUMENTATION_COMMENTS = YES;
				CLANG_WARN_EMPTY_BODY = YES;
				CLANG_WARN_ENUM_CONVERSION = YES;
				CLANG_WARN_INFINITE_RECURSION = YES;
				CLANG_WARN_INT_CONVERSION = YES;
				CLANG_WARN_NON_LITERAL_NULL_CONVERSION = YES;
				CLANG_WARN_OBJC_IMPLICIT_RETAIN_SELF = YES;
				CLANG_WARN_OBJC_LITERAL_CONVERSION = YES;
				CLANG_WARN_OBJC_ROOT_CLASS = YES_ERROR;
				CLANG_WARN_RANGE_LOOP_ANALYSIS = YES;
				CLANG_WARN_STRICT_PROTOTYPES = YES;
				CLANG_WARN_SUSPICIOUS_MOVE = YES;
				CLANG_WARN_UNGUARDED_AVAILABILITY = YES_AGGRESSIVE;
				CLANG_WARN_UNREACHABLE_CODE = YES;
				CLANG_WARN__DUPLICATE_METHOD_MATCH = YES;
				COPY_PHASE_STRIP = NO;
				DEBUG_INFORMATION_FORMAT = dwarf;
				ENABLE_STRICT_OBJC_MSGSEND = YES;
				ENABLE_TESTABILITY = YES;
				GCC_C_LANGUAGE_STANDARD = gnu11;
				GCC_DYNAMIC_NO_PIC = NO;
				GCC_NO_COMMON_BLOCKS = YES;
				GCC_OPTIMIZATION_LEVEL = 0;
				GCC_PREPROCESSOR_DEFINITIONS = (
					"DEBUG=1",
					"$(inherited)",
				);
				GCC_WARN_64_TO_32_BIT_CONVERSION = YES;
				GCC_WARN_ABOUT_RETURN_TYPE = YES_ERROR;
				GCC_WARN_UNDECLARED_SELECTOR = YES;
				GCC_WARN_UNINITIALIZED_AUTOS = YES_AGGRESSIVE;
				GCC_WARN_UNUSED_FUNCTION = YES;
				GCC_WARN_UNUSED_VARIABLE = YES;
				IPHONEOS_DEPLOYMENT_TARGET = 13.5;
				MTL_ENABLE_DEBUG_INFO = INCLUDE_SOURCE;
				MTL_FAST_MATH = YES;
				ONLY_ACTIVE_ARCH = YES;
				SDKROOT = iphoneos;
				SWIFT_ACTIVE_COMPILATION_CONDITIONS = DEBUG;
				SWIFT_OPTIMIZATION_LEVEL = "-Onone";
			};
			name = Debug;
		};
		036486C4248DF237009A6841 /* Release */ = {
			isa = XCBuildConfiguration;
			buildSettings = {
				ALWAYS_SEARCH_USER_PATHS = NO;
				CLANG_ANALYZER_NONNULL = YES;
				CLANG_ANALYZER_NUMBER_OBJECT_CONVERSION = YES_AGGRESSIVE;
				CLANG_CXX_LANGUAGE_STANDARD = "gnu++14";
				CLANG_CXX_LIBRARY = "libc++";
				CLANG_ENABLE_MODULES = YES;
				CLANG_ENABLE_OBJC_ARC = YES;
				CLANG_ENABLE_OBJC_WEAK = YES;
				CLANG_WARN_BLOCK_CAPTURE_AUTORELEASING = YES;
				CLANG_WARN_BOOL_CONVERSION = YES;
				CLANG_WARN_COMMA = YES;
				CLANG_WARN_CONSTANT_CONVERSION = YES;
				CLANG_WARN_DEPRECATED_OBJC_IMPLEMENTATIONS = YES;
				CLANG_WARN_DIRECT_OBJC_ISA_USAGE = YES_ERROR;
				CLANG_WARN_DOCUMENTATION_COMMENTS = YES;
				CLANG_WARN_EMPTY_BODY = YES;
				CLANG_WARN_ENUM_CONVERSION = YES;
				CLANG_WARN_INFINITE_RECURSION = YES;
				CLANG_WARN_INT_CONVERSION = YES;
				CLANG_WARN_NON_LITERAL_NULL_CONVERSION = YES;
				CLANG_WARN_OBJC_IMPLICIT_RETAIN_SELF = YES;
				CLANG_WARN_OBJC_LITERAL_CONVERSION = YES;
				CLANG_WARN_OBJC_ROOT_CLASS = YES_ERROR;
				CLANG_WARN_RANGE_LOOP_ANALYSIS = YES;
				CLANG_WARN_STRICT_PROTOTYPES = YES;
				CLANG_WARN_SUSPICIOUS_MOVE = YES;
				CLANG_WARN_UNGUARDED_AVAILABILITY = YES_AGGRESSIVE;
				CLANG_WARN_UNREACHABLE_CODE = YES;
				CLANG_WARN__DUPLICATE_METHOD_MATCH = YES;
				COPY_PHASE_STRIP = NO;
				DEBUG_INFORMATION_FORMAT = "dwarf-with-dsym";
				ENABLE_NS_ASSERTIONS = NO;
				ENABLE_STRICT_OBJC_MSGSEND = YES;
				GCC_C_LANGUAGE_STANDARD = gnu11;
				GCC_NO_COMMON_BLOCKS = YES;
				GCC_WARN_64_TO_32_BIT_CONVERSION = YES;
				GCC_WARN_ABOUT_RETURN_TYPE = YES_ERROR;
				GCC_WARN_UNDECLARED_SELECTOR = YES;
				GCC_WARN_UNINITIALIZED_AUTOS = YES_AGGRESSIVE;
				GCC_WARN_UNUSED_FUNCTION = YES;
				GCC_WARN_UNUSED_VARIABLE = YES;
				IPHONEOS_DEPLOYMENT_TARGET = 13.5;
				MTL_ENABLE_DEBUG_INFO = NO;
				MTL_FAST_MATH = YES;
				SDKROOT = iphoneos;
				SWIFT_COMPILATION_MODE = wholemodule;
				SWIFT_OPTIMIZATION_LEVEL = "-O";
				VALIDATE_PRODUCT = YES;
			};
			name = Release;
		};
		036486C6248DF237009A6841 /* Debug */ = {
			isa = XCBuildConfiguration;
			buildSettings = {
				ASSETCATALOG_COMPILER_APPICON_NAME = AppIcon;
				CODE_SIGN_STYLE = Automatic;
				INFOPLIST_FILE = DollerYen/Info.plist;
				LD_RUNPATH_SEARCH_PATHS = (
					"$(inherited)",
					"@executable_path/Frameworks",
				);
				PRODUCT_BUNDLE_IDENTIFIER = "jp.co.al-j.DollerYen";
				PRODUCT_NAME = "$(TARGET_NAME)";
				SWIFT_VERSION = 5.0;
				TARGETED_DEVICE_FAMILY = "1,2";
			};
			name = Debug;
		};
		036486C7248DF237009A6841 /* Release */ = {
			isa = XCBuildConfiguration;
			buildSettings = {
				ASSETCATALOG_COMPILER_APPICON_NAME = AppIcon;
				CODE_SIGN_STYLE = Automatic;
				INFOPLIST_FILE = DollerYen/Info.plist;
				LD_RUNPATH_SEARCH_PATHS = (
					"$(inherited)",
					"@executable_path/Frameworks",
				);
				PRODUCT_BUNDLE_IDENTIFIER = "jp.co.al-j.DollerYen";
				PRODUCT_NAME = "$(TARGET_NAME)";
				SWIFT_VERSION = 5.0;
				TARGETED_DEVICE_FAMILY = "1,2";
			};
			name = Release;
		};
/* End XCBuildConfiguration section */

/* Begin XCConfigurationList section */
		036486AC248DF233009A6841 /* Build configuration list for PBXProject "Bundle Name" */ = {
			isa = XCConfigurationList;
			buildConfigurations = (
				036486C3248DF237009A6841 /* Debug */,
				036486C4248DF237009A6841 /* Release */,
			);
			defaultConfigurationIsVisible = 0;
			defaultConfigurationName = Release;
		};
		036486C5248DF237009A6841 /* Build configuration list for PBXNativeTarget "DollerYen" */ = {
			isa = XCConfigurationList;
			buildConfigurations = (
				036486C6248DF237009A6841 /* Debug */,
				036486C7248DF237009A6841 /* Release */,
			);
			defaultConfigurationIsVisible = 0;
			defaultConfigurationName = Release;
		};
/* End XCConfigurationList section */
	};
	rootObject = 036486A9248DF233009A6841 /* Project object */;
}
