// !$*UTF8*$!
{
	archiveVersion = 1;
	classes = {
	};
	objectVersion = 50;
	objects = {

/* Begin PBXBuildFile section */
		03BFC5C524A4812400BEAF06 /* AppDelegate.swift in Sources */ = {isa = PBXBuildFile; fileRef = 03BFC5C424A4812400BEAF06 /* AppDelegate.swift */; };
		03BFC5C724A4812400BEAF06 /* SceneDelegate.swift in Sources */ = {isa = PBXBuildFile; fileRef = 03BFC5C624A4812400BEAF06 /* SceneDelegate.swift */; };
		03BFC5C924A4812400BEAF06 /* ViewController.swift in Sources */ = {isa = PBXBuildFile; fileRef = 03BFC5C824A4812400BEAF06 /* ViewController.swift */; };
		03BFC5CC24A4812400BEAF06 /* Main.storyboard in Resources */ = {isa = PBXBuildFile; fileRef = 03BFC5CA24A4812400BEAF06 /* Main.storyboard */; };
		03BFC5CE24A4812800BEAF06 /* Assets.xcassets in Resources */ = {isa = PBXBuildFile; fileRef = 03BFC5CD24A4812800BEAF06 /* Assets.xcassets */; };
		03BFC5D124A4812800BEAF06 /* LaunchScreen.storyboard in Resources */ = {isa = PBXBuildFile; fileRef = 03BFC5CF24A4812800BEAF06 /* LaunchScreen.storyboard */; };
		03BFC5D924A4822F00BEAF06 /* TimerViewController.swift in Sources */ = {isa = PBXBuildFile; fileRef = 03BFC5D824A4822F00BEAF06 /* TimerViewController.swift */; };
/* End PBXBuildFile section */

/* Begin PBXFileReference section */
		03BFC5C124A4812400BEAF06 /* OriginalTimer2.app */ = {isa = PBXFileReference; explicitFileType = wrapper.application; includeInIndex = 0; path = OriginalTimer2.app; sourceTree = BUILT_PRODUCTS_DIR; };
		03BFC5C424A4812400BEAF06 /* AppDelegate.swift */ = {isa = PBXFileReference; lastKnownFileType = sourcecode.swift; path = AppDelegate.swift; sourceTree = "<group>"; };
		03BFC5C624A4812400BEAF06 /* SceneDelegate.swift */ = {isa = PBXFileReference; lastKnownFileType = sourcecode.swift; path = SceneDelegate.swift; sourceTree = "<group>"; };
		03BFC5C824A4812400BEAF06 /* ViewController.swift */ = {isa = PBXFileReference; lastKnownFileType = sourcecode.swift; path = ViewController.swift; sourceTree = "<group>"; };
		03BFC5CB24A4812400BEAF06 /* Base */ = {isa = PBXFileReference; lastKnownFileType = file.storyboard; name = Base; path = Base.lproj/Main.storyboard; sourceTree = "<group>"; };
		03BFC5CD24A4812800BEAF06 /* Assets.xcassets */ = {isa = PBXFileReference; lastKnownFileType = folder.assetcatalog; path = Assets.xcassets; sourceTree = "<group>"; };
		03BFC5D024A4812800BEAF06 /* Base */ = {isa = PBXFileReference; lastKnownFileType = file.storyboard; name = Base; path = Base.lproj/LaunchScreen.storyboard; sourceTree = "<group>"; };
		03BFC5D224A4812800BEAF06 /* Info.plist */ = {isa = PBXFileReference; lastKnownFileType = text.plist.xml; path = Info.plist; sourceTree = "<group>"; };
		03BFC5D824A4822F00BEAF06 /* TimerViewController.swift */ = {isa = PBXFileReference; lastKnownFileType = sourcecode.swift; path = TimerViewController.swift; sourceTree = "<group>"; };
/* End PBXFileReference section */

/* Begin PBXFrameworksBuildPhase section */
		03BFC5BE24A4812400BEAF06 /* Frameworks */ = {
			isa = PBXFrameworksBuildPhase;
			buildActionMask = 2147483647;
			files = (
			);
			runOnlyForDeploymentPostprocessing = 0;
		};
/* End PBXFrameworksBuildPhase section */

/* Begin PBXGroup section */
		03BFC5B824A4812400BEAF06 = {
			isa = PBXGroup;
			children = (
				03BFC5C324A4812400BEAF06 /* OriginalTimer2 */,
				03BFC5C224A4812400BEAF06 /* Products */,
			);
			sourceTree = "<group>";
		};
		03BFC5C224A4812400BEAF06 /* Products */ = {
			isa = PBXGroup;
			children = (
				03BFC5C124A4812400BEAF06 /* OriginalTimer2.app */,
			);
			name = Products;
			sourceTree = "<group>";
		};
		03BFC5C324A4812400BEAF06 /* OriginalTimer2 */ = {
			isa = PBXGroup;
			children = (
				03BFC5C424A4812400BEAF06 /* AppDelegate.swift */,
				03BFC5C624A4812400BEAF06 /* SceneDelegate.swift */,
				03BFC5C824A4812400BEAF06 /* ViewController.swift */,
				03BFC5CA24A4812400BEAF06 /* Main.storyboard */,
				03BFC5D824A4822F00BEAF06 /* TimerViewController.swift */,
				03BFC5CD24A4812800BEAF06 /* Assets.xcassets */,
				03BFC5CF24A4812800BEAF06 /* LaunchScreen.storyboard */,
				03BFC5D224A4812800BEAF06 /* Info.plist */,
			);
			path = OriginalTimer2;
			sourceTree = "<group>";
		};
/* End PBXGroup section */

/* Begin PBXNativeTarget section */
		03BFC5C024A4812400BEAF06 /* OriginalTimer2 */ = {
			isa = PBXNativeTarget;
			buildConfigurationList = 03BFC5D524A4812800BEAF06 /* Build configuration list for PBXNativeTarget "OriginalTimer2" */;
			buildPhases = (
				03BFC5BD24A4812400BEAF06 /* Sources */,
				03BFC5BE24A4812400BEAF06 /* Frameworks */,
				03BFC5BF24A4812400BEAF06 /* Resources */,
			);
			buildRules = (
			);
			dependencies = (
			);
			name = OriginalTimer2;
			productName = OriginalTimer2;
			productReference = 03BFC5C124A4812400BEAF06 /* OriginalTimer2.app */;
			productType = "com.apple.product-type.application";
		};
/* End PBXNativeTarget section */

/* Begin PBXProject section */
		03BFC5B924A4812400BEAF06 /* Project object */ = {
			isa = PBXProject;
			attributes = {
				LastSwiftUpdateCheck = 1150;
				LastUpgradeCheck = 1150;
				ORGANIZATIONNAME = "ALJ Education Plus";
				TargetAttributes = {
					03BFC5C024A4812400BEAF06 = {
						CreatedOnToolsVersion = 11.5;
					};
				};
			};
			buildConfigurationList = 03BFC5BC24A4812400BEAF06 /* Build configuration list for PBXProject "OriginalTimer2" */;
			compatibilityVersion = "Xcode 9.3";
			developmentRegion = en;
			hasScannedForEncodings = 0;
			knownRegions = (
				en,
				Base,
			);
			mainGroup = 03BFC5B824A4812400BEAF06;
			productRefGroup = 03BFC5C224A4812400BEAF06 /* Products */;
			projectDirPath = "";
			projectRoot = "";
			targets = (
				03BFC5C024A4812400BEAF06 /* OriginalTimer2 */,
			);
		};
/* End PBXProject section */

/* Begin PBXResourcesBuildPhase section */
		03BFC5BF24A4812400BEAF06 /* Resources */ = {
			isa = PBXResourcesBuildPhase;
			buildActionMask = 2147483647;
			files = (
				03BFC5D124A4812800BEAF06 /* LaunchScreen.storyboard in Resources */,
				03BFC5CE24A4812800BEAF06 /* Assets.xcassets in Resources */,
				03BFC5CC24A4812400BEAF06 /* Main.storyboard in Resources */,
			);
			runOnlyForDeploymentPostprocessing = 0;
		};
/* End PBXResourcesBuildPhase section */

/* Begin PBXSourcesBuildPhase section */
		03BFC5BD24A4812400BEAF06 /* Sources */ = {
			isa = PBXSourcesBuildPhase;
			buildActionMask = 2147483647;
			files = (
				03BFC5D924A4822F00BEAF06 /* TimerViewController.swift in Sources */,
				03BFC5C924A4812400BEAF06 /* ViewController.swift in Sources */,
				03BFC5C524A4812400BEAF06 /* AppDelegate.swift in Sources */,
				03BFC5C724A4812400BEAF06 /* SceneDelegate.swift in Sources */,
			);
			runOnlyForDeploymentPostprocessing = 0;
		};
/* End PBXSourcesBuildPhase section */

/* Begin PBXVariantGroup section */
		03BFC5CA24A4812400BEAF06 /* Main.storyboard */ = {
			isa = PBXVariantGroup;
			children = (
				03BFC5CB24A4812400BEAF06 /* Base */,
			);
			name = Main.storyboard;
			sourceTree = "<group>";
		};
		03BFC5CF24A4812800BEAF06 /* LaunchScreen.storyboard */ = {
			isa = PBXVariantGroup;
			children = (
				03BFC5D024A4812800BEAF06 /* Base */,
			);
			name = LaunchScreen.storyboard;
			sourceTree = "<group>";
		};
/* End PBXVariantGroup section */

/* Begin XCBuildConfiguration section */
		03BFC5D324A4812800BEAF06 /* Debug */ = {
			isa = XCBuildConfiguration;
			buildSettings = {
				ALWAYS_SEARCH_USER_PATHS = NO;
				CLANG_ANALYZER_NONNULL = YES;
				CLANG_ANALYZER_NUMBER_OBJECT_CONVERSION = YES_AGGRESSIVE;
				CLANG_CXX_LANGUAGE_STANDARD = "gnu++14";
				CLANG_CXX_LIBRARY = "libc++";
				CLANG_ENABLE_MODULES = YES;
				CLANG_ENABLE_OBJC_ARC = YES;
				CLANG_ENABLE_OBJC_WEAK = YES;
				CLANG_WARN_BLOCK_CAPTURE_AUTORELEASING = YES;
				CLANG_WARN_BOOL_CONVERSION = YES;
				CLANG_WARN_COMMA = YES;
				CLANG_WARN_CONSTANT_CONVERSION = YES;
				CLANG_WARN_DEPRECATED_OBJC_IMPLEMENTATIONS = YES;
				CLANG_WARN_DIRECT_OBJC_ISA_USAGE = YES_ERROR;
				CLANG_WARN_DOCUMENTATION_COMMENTS = YES;
				CLANG_WARN_EMPTY_BODY = YES;
				CLANG_WARN_ENUM_CONVERSION = YES;
				CLANG_WARN_INFINITE_RECURSION = YES;
				CLANG_WARN_INT_CONVERSION = YES;
				CLANG_WARN_NON_LITERAL_NULL_CONVERSION = YES;
				CLANG_WARN_OBJC_IMPLICIT_RETAIN_SELF = YES;
				CLANG_WARN_OBJC_LITERAL_CONVERSION = YES;
				CLANG_WARN_OBJC_ROOT_CLASS = YES_ERROR;
				CLANG_WARN_RANGE_LOOP_ANALYSIS = YES;
				CLANG_WARN_STRICT_PROTOTYPES = YES;
				CLANG_WARN_SUSPICIOUS_MOVE = YES;
				CLANG_WARN_UNGUARDED_AVAILABILITY = YES_AGGRESSIVE;
				CLANG_WARN_UNREACHABLE_CODE = YES;
				CLANG_WARN__DUPLICATE_METHOD_MATCH = YES;
				COPY_PHASE_STRIP = NO;
				DEBUG_INFORMATION_FORMAT = dwarf;
				ENABLE_STRICT_OBJC_MSGSEND = YES;
				ENABLE_TESTABILITY = YES;
				GCC_C_LANGUAGE_STANDARD = gnu11;
				GCC_DYNAMIC_NO_PIC = NO;
				GCC_NO_COMMON_BLOCKS = YES;
				GCC_OPTIMIZATION_LEVEL = 0;
				GCC_PREPROCESSOR_DEFINITIONS = (
					"DEBUG=1",
					"$(inherited)",
				);
				GCC_WARN_64_TO_32_BIT_CONVERSION = YES;
				GCC_WARN_ABOUT_RETURN_TYPE = YES_ERROR;
				GCC_WARN_UNDECLARED_SELECTOR = YES;
				GCC_WARN_UNINITIALIZED_AUTOS = YES_AGGRESSIVE;
				GCC_WARN_UNUSED_FUNCTION = YES;
				GCC_WARN_UNUSED_VARIABLE = YES;
				IPHONEOS_DEPLOYMENT_TARGET = 13.5;
				MTL_ENABLE_DEBUG_INFO = INCLUDE_SOURCE;
				MTL_FAST_MATH = YES;
				ONLY_ACTIVE_ARCH = YES;
				SDKROOT = iphoneos;
				SWIFT_ACTIVE_COMPILATION_CONDITIONS = DEBUG;
				SWIFT_OPTIMIZATION_LEVEL = "-Onone";
			};
			name = Debug;
		};
		03BFC5D424A4812800BEAF06 /* Release */ = {
			isa = XCBuildConfiguration;
			buildSettings = {
				ALWAYS_SEARCH_USER_PATHS = NO;
				CLANG_ANALYZER_NONNULL = YES;
				CLANG_ANALYZER_NUMBER_OBJECT_CONVERSION = YES_AGGRESSIVE;
				CLANG_CXX_LANGUAGE_STANDARD = "gnu++14";
				CLANG_CXX_LIBRARY = "libc++";
				CLANG_ENABLE_MODULES = YES;
				CLANG_ENABLE_OBJC_ARC = YES;
				CLANG_ENABLE_OBJC_WEAK = YES;
				CLANG_WARN_BLOCK_CAPTURE_AUTORELEASING = YES;
				CLANG_WARN_BOOL_CONVERSION = YES;
				CLANG_WARN_COMMA = YES;
				CLANG_WARN_CONSTANT_CONVERSION = YES;
				CLANG_WARN_DEPRECATED_OBJC_IMPLEMENTATIONS = YES;
				CLANG_WARN_DIRECT_OBJC_ISA_USAGE = YES_ERROR;
				CLANG_WARN_DOCUMENTATION_COMMENTS = YES;
				CLANG_WARN_EMPTY_BODY = YES;
				CLANG_WARN_ENUM_CONVERSION = YES;
				CLANG_WARN_INFINITE_RECURSION = YES;
				CLANG_WARN_INT_CONVERSION = YES;
				CLANG_WARN_NON_LITERAL_NULL_CONVERSION = YES;
				CLANG_WARN_OBJC_IMPLICIT_RETAIN_SELF = YES;
				CLANG_WARN_OBJC_LITERAL_CONVERSION = YES;
				CLANG_WARN_OBJC_ROOT_CLASS = YES_ERROR;
				CLANG_WARN_RANGE_LOOP_ANALYSIS = YES;
				CLANG_WARN_STRICT_PROTOTYPES = YES;
				CLANG_WARN_SUSPICIOUS_MOVE = YES;
				CLANG_WARN_UNGUARDED_AVAILABILITY = YES_AGGRESSIVE;
				CLANG_WARN_UNREACHABLE_CODE = YES;
				CLANG_WARN__DUPLICATE_METHOD_MATCH = YES;
				COPY_PHASE_STRIP = NO;
				DEBUG_INFORMATION_FORMAT = "dwarf-with-dsym";
				ENABLE_NS_ASSERTIONS = NO;
				ENABLE_STRICT_OBJC_MSGSEND = YES;
				GCC_C_LANGUAGE_STANDARD = gnu11;
				GCC_NO_COMMON_BLOCKS = YES;
				GCC_WARN_64_TO_32_BIT_CONVERSION = YES;
				GCC_WARN_ABOUT_RETURN_TYPE = YES_ERROR;
				GCC_WARN_UNDECLARED_SELECTOR = YES;
				GCC_WARN_UNINITIALIZED_AUTOS = YES_AGGRESSIVE;
				GCC_WARN_UNUSED_FUNCTION = YES;
				GCC_WARN_UNUSED_VARIABLE = YES;
				IPHONEOS_DEPLOYMENT_TARGET = 13.5;
				MTL_ENABLE_DEBUG_INFO = NO;
				MTL_FAST_MATH = YES;
				SDKROOT = iphoneos;
				SWIFT_COMPILATION_MODE = wholemodule;
				SWIFT_OPTIMIZATION_LEVEL = "-O";
				VALIDATE_PRODUCT = YES;
			};
			name = Release;
		};
		03BFC5D624A4812800BEAF06 /* Debug */ = {
			isa = XCBuildConfiguration;
			buildSettings = {
				ASSETCATALOG_COMPILER_APPICON_NAME = AppIcon;
				CODE_SIGN_STYLE = Automatic;
				INFOPLIST_FILE = OriginalTimer2/Info.plist;
				LD_RUNPATH_SEARCH_PATHS = (
					"$(inherited)",
					"@executable_path/Frameworks",
				);
				PRODUCT_BUNDLE_IDENTIFIER = "jp.co.al-j.OriginalTimer2";
				PRODUCT_NAME = "$(TARGET_NAME)";
				SWIFT_VERSION = 5.0;
				TARGETED_DEVICE_FAMILY = "1,2";
			};
			name = Debug;
		};
		03BFC5D724A4812800BEAF06 /* Release */ = {
			isa = XCBuildConfiguration;
			buildSettings = {
				ASSETCATALOG_COMPILER_APPICON_NAME = AppIcon;
				CODE_SIGN_STYLE = Automatic;
				INFOPLIST_FILE = OriginalTimer2/Info.plist;
				LD_RUNPATH_SEARCH_PATHS = (
					"$(inherited)",
					"@executable_path/Frameworks",
				);
				PRODUCT_BUNDLE_IDENTIFIER = "jp.co.al-j.OriginalTimer2";
				PRODUCT_NAME = "$(TARGET_NAME)";
				SWIFT_VERSION = 5.0;
				TARGETED_DEVICE_FAMILY = "1,2";
			};
			name = Release;
		};
/* End XCBuildConfiguration section */

/* Begin XCConfigurationList section */
		03BFC5BC24A4812400BEAF06 /* Build configuration list for PBXProject "OriginalTimer2" */ = {
			isa = XCConfigurationList;
			buildConfigurations = (
				03BFC5D324A4812800BEAF06 /* Debug */,
				03BFC5D424A4812800BEAF06 /* Release */,
			);
			defaultConfigurationIsVisible = 0;
			defaultConfigurationName = Release;
		};
		03BFC5D524A4812800BEAF06 /* Build configuration list for PBXNativeTarget "OriginalTimer2" */ = {
			isa = XCConfigurationList;
			buildConfigurations = (
				03BFC5D624A4812800BEAF06 /* Debug */,
				03BFC5D724A4812800BEAF06 /* Release */,
			);
			defaultConfigurationIsVisible = 0;
			defaultConfigurationName = Release;
		};
/* End XCConfigurationList section */
	};
	rootObject = 03BFC5B924A4812400BEAF06 /* Project object */;
}
